// !$*UTF8*$!
{
	archiveVersion = 1;
	classes = {
	};
	objectVersion = 46;
	objects = {

/* Begin PBXBuildFile section */
		67AD1C4D1BD839B600D1A421 /* main.m in Sources */ = {isa = PBXBuildFile; fileRef = 67AD1C4C1BD839B600D1A421 /* main.m */; };
		67AD1C501BD839B600D1A421 /* AppDelegate.m in Sources */ = {isa = PBXBuildFile; fileRef = 67AD1C4F1BD839B600D1A421 /* AppDelegate.m */; };
		67AD1C531BD839B600D1A421 /* ViewController.m in Sources */ = {isa = PBXBuildFile; fileRef = 67AD1C521BD839B600D1A421 /* ViewController.m */; };
		67AD1C561BD839B600D1A421 /* Main.storyboard in Resources */ = {isa = PBXBuildFile; fileRef = 67AD1C541BD839B600D1A421 /* Main.storyboard */; };
		67AD1C581BD839B600D1A421 /* Assets.xcassets in Resources */ = {isa = PBXBuildFile; fileRef = 67AD1C571BD839B600D1A421 /* Assets.xcassets */; };
		67AD1C5B1BD839B600D1A421 /* LaunchScreen.storyboard in Resources */ = {isa = PBXBuildFile; fileRef = 67AD1C591BD839B600D1A421 /* LaunchScreen.storyboard */; };
		B72D560406BE92DE0DFFC3A9 /* Pods_BadPod.framework in Frameworks */ = {isa = PBXBuildFile; fileRef = 01D2126BFCA855B16192EE3D /* Pods_BadPod.framework */; };
/* End PBXBuildFile section */

/* Begin PBXFileReference section */
		01D2126BFCA855B16192EE3D /* Pods_BadPod.framework */ = {isa = PBXFileReference; explicitFileType = wrapper.framework; includeInIndex = 0; path = Pods_BadPod.framework; sourceTree = BUILT_PRODUCTS_DIR; };
		4868716BEF344F546EF10817 /* Pods-BadPod.debug.xcconfig */ = {isa = PBXFileReference; includeInIndex = 1; lastKnownFileType = text.xcconfig; name = "Pods-BadPod.debug.xcconfig"; path = "Pods/Target Support Files/Pods-BadPod/Pods-BadPod.debug.xcconfig"; sourceTree = "<group>"; };
		67AD1C481BD839B600D1A421 /* BadPod.app */ = {isa = PBXFileReference; explicitFileType = wrapper.application; includeInIndex = 0; path = BadPod.app; sourceTree = BUILT_PRODUCTS_DIR; };
		67AD1C4C1BD839B600D1A421 /* main.m */ = {isa = PBXFileReference; lastKnownFileType = sourcecode.c.objc; path = main.m; sourceTree = "<group>"; };
		67AD1C4E1BD839B600D1A421 /* AppDelegate.h */ = {isa = PBXFileReference; lastKnownFileType = sourcecode.c.h; path = AppDelegate.h; sourceTree = "<group>"; };
		67AD1C4F1BD839B600D1A421 /* AppDelegate.m */ = {isa = PBXFileReference; lastKnownFileType = sourcecode.c.objc; path = AppDelegate.m; sourceTree = "<group>"; };
		67AD1C511BD839B600D1A421 /* ViewController.h */ = {isa = PBXFileReference; lastKnownFileType = sourcecode.c.h; path = ViewController.h; sourceTree = "<group>"; };
		67AD1C521BD839B600D1A421 /* ViewController.m */ = {isa = PBXFileReference; lastKnownFileType = sourcecode.c.objc; path = ViewController.m; sourceTree = "<group>"; };
		67AD1C551BD839B600D1A421 /* Base */ = {isa = PBXFileReference; lastKnownFileType = file.storyboard; name = Base; path = Base.lproj/Main.storyboard; sourceTree = "<group>"; };
		67AD1C571BD839B600D1A421 /* Assets.xcassets */ = {isa = PBXFileReference; lastKnownFileType = folder.assetcatalog; path = Assets.xcassets; sourceTree = "<group>"; };
		67AD1C5A1BD839B600D1A421 /* Base */ = {isa = PBXFileReference; lastKnownFileType = file.storyboard; name = Base; path = Base.lproj/LaunchScreen.storyboard; sourceTree = "<group>"; };
		67AD1C5C1BD839B600D1A421 /* Info.plist */ = {isa = PBXFileReference; lastKnownFileType = text.plist.xml; path = Info.plist; sourceTree = "<group>"; };
		96847880113309F6A611FE6D /* Pods-BadPod.release.xcconfig */ = {isa = PBXFileReference; includeInIndex = 1; lastKnownFileType = text.xcconfig; name = "Pods-BadPod.release.xcconfig"; path = "Pods/Target Support Files/Pods-BadPod/Pods-BadPod.release.xcconfig"; sourceTree = "<group>"; };
/* End PBXFileReference section */

/* Begin PBXFrameworksBuildPhase section */
		67AD1C451BD839B600D1A421 /* Frameworks */ = {
			isa = PBXFrameworksBuildPhase;
			buildActionMask = 2147483647;
			files = (
				B72D560406BE92DE0DFFC3A9 /* Pods_BadPod.framework in Frameworks */,
			);
			runOnlyForDeploymentPostprocessing = 0;
		};
/* End PBXFrameworksBuildPhase section */

/* Begin PBXGroup section */
		67AD1C3F1BD839B600D1A421 = {
			isa = PBXGroup;
			children = (
				67AD1C4A1BD839B600D1A421 /* BadPod */,
				67AD1C491BD839B600D1A421 /* Products */,
				BBD42F3E0E38C8A59F691261 /* Pods */,
				C2824418707C0569D6DCEFB4 /* Frameworks */,
			);
			sourceTree = "<group>";
		};
		67AD1C491BD839B600D1A421 /* Products */ = {
			isa = PBXGroup;
			children = (
				67AD1C481BD839B600D1A421 /* BadPod.app */,
			);
			name = Products;
			sourceTree = "<group>";
		};
		67AD1C4A1BD839B600D1A421 /* BadPod */ = {
			isa = PBXGroup;
			children = (
				67AD1C4E1BD839B600D1A421 /* AppDelegate.h */,
				67AD1C4F1BD839B600D1A421 /* AppDelegate.m */,
				67AD1C511BD839B600D1A421 /* ViewController.h */,
				67AD1C521BD839B600D1A421 /* ViewController.m */,
				67AD1C541BD839B600D1A421 /* Main.storyboard */,
				67AD1C571BD839B600D1A421 /* Assets.xcassets */,
				67AD1C591BD839B600D1A421 /* LaunchScreen.storyboard */,
				67AD1C5C1BD839B600D1A421 /* Info.plist */,
				67AD1C4B1BD839B600D1A421 /* Supporting Files */,
			);
			path = BadPod;
			sourceTree = "<group>";
		};
		67AD1C4B1BD839B600D1A421 /* Supporting Files */ = {
			isa = PBXGroup;
			children = (
				67AD1C4C1BD839B600D1A421 /* main.m */,
			);
			name = "Supporting Files";
			sourceTree = "<group>";
		};
		BBD42F3E0E38C8A59F691261 /* Pods */ = {
			isa = PBXGroup;
			children = (
				4868716BEF344F546EF10817 /* Pods-BadPod.debug.xcconfig */,
				96847880113309F6A611FE6D /* Pods-BadPod.release.xcconfig */,
			);
			name = Pods;
			sourceTree = "<group>";
		};
		C2824418707C0569D6DCEFB4 /* Frameworks */ = {
			isa = PBXGroup;
			children = (
				01D2126BFCA855B16192EE3D /* Pods_BadPod.framework */,
			);
			name = Frameworks;
			sourceTree = "<group>";
		};
/* End PBXGroup section */

/* Begin PBXNativeTarget section */
		67AD1C471BD839B600D1A421 /* BadPod */ = {
			isa = PBXNativeTarget;
			buildConfigurationList = 67AD1C5F1BD839B600D1A421 /* Build configuration list for PBXNativeTarget "BadPod" */;
			buildPhases = (
				C62CB9CD8B787A8163FAAD30 /* Check Pods Manifest.lock */,
				67AD1C441BD839B600D1A421 /* Sources */,
				67AD1C451BD839B600D1A421 /* Frameworks */,
				67AD1C461BD839B600D1A421 /* Resources */,
				9BBC2088DD43902A1C28B587 /* Embed Pods Frameworks */,
				A1BFF7CA95CCAFA079EEB2E0 /* Copy Pods Resources */,
			);
			buildRules = (
			);
			dependencies = (
			);
			name = BadPod;
			productName = BadPod;
			productReference = 67AD1C481BD839B600D1A421 /* BadPod.app */;
			productType = "com.apple.product-type.application";
		};
/* End PBXNativeTarget section */

/* Begin PBXProject section */
		67AD1C401BD839B600D1A421 /* Project object */ = {
			isa = PBXProject;
			attributes = {
				LastUpgradeCheck = 0710;
				ORGANIZATIONNAME = "Lithe Solutions";
				TargetAttributes = {
					67AD1C471BD839B600D1A421 = {
						CreatedOnToolsVersion = 7.1;
					};
				};
			};
			buildConfigurationList = 67AD1C431BD839B600D1A421 /* Build configuration list for PBXProject "BadPod" */;
			compatibilityVersion = "Xcode 3.2";
			developmentRegion = English;
			hasScannedForEncodings = 0;
			knownRegions = (
				en,
				Base,
			);
			mainGroup = 67AD1C3F1BD839B600D1A421;
			productRefGroup = 67AD1C491BD839B600D1A421 /* Products */;
			projectDirPath = "";
			projectRoot = "";
			targets = (
				67AD1C471BD839B600D1A421 /* BadPod */,
			);
		};
/* End PBXProject section */

/* Begin PBXResourcesBuildPhase section */
		67AD1C461BD839B600D1A421 /* Resources */ = {
			isa = PBXResourcesBuildPhase;
			buildActionMask = 2147483647;
			files = (
				67AD1C5B1BD839B600D1A421 /* LaunchScreen.storyboard in Resources */,
				67AD1C581BD839B600D1A421 /* Assets.xcassets in Resources */,
				67AD1C561BD839B600D1A421 /* Main.storyboard in Resources */,
			);
			runOnlyForDeploymentPostprocessing = 0;
		};
/* End PBXResourcesBuildPhase section */

/* Begin PBXShellScriptBuildPhase section */
		9BBC2088DD43902A1C28B587 /* Embed Pods Frameworks */ = {
			isa = PBXShellScriptBuildPhase;
			buildActionMask = 2147483647;
			files = (
			);
			inputPaths = (
			);
			name = "Embed Pods Frameworks";
			outputPaths = (
			);
			runOnlyForDeploymentPostprocessing = 0;
			shellPath = /bin/sh;
			shellScript = "\"${SRCROOT}/Pods/Target Support Files/Pods-BadPod/Pods-BadPod-frameworks.sh\"\n";
			showEnvVarsInLog = 0;
		};
		A1BFF7CA95CCAFA079EEB2E0 /* Copy Pods Resources */ = {
			isa = PBXShellScriptBuildPhase;
			buildActionMask = 2147483647;
			files = (
			);
			inputPaths = (
			);
			name = "Copy Pods Resources";
			outputPaths = (
			);
			runOnlyForDeploymentPostprocessing = 0;
			shellPath = /bin/sh;
			shellScript = "\"${SRCROOT}/Pods/Target Support Files/Pods-BadPod/Pods-BadPod-resources.sh\"\n";
			showEnvVarsInLog = 0;
		};
		C62CB9CD8B787A8163FAAD30 /* Check Pods Manifest.lock */ = {
			isa = PBXShellScriptBuildPhase;
			buildActionMask = 2147483647;
			files = (
			);
			inputPaths = (
			);
			name = "Check Pods Manifest.lock";
			outputPaths = (
			);
			runOnlyForDeploymentPostprocessing = 0;
			shellPath = /bin/sh;
			shellScript = "diff \"${PODS_ROOT}/../Podfile.lock\" \"${PODS_ROOT}/Manifest.lock\" > /dev/null\nif [[ $? != 0 ]] ; then\n    cat << EOM\nerror: The sandbox is not in sync with the Podfile.lock. Run 'pod install' or update your CocoaPods installation.\nEOM\n    exit 1\nfi\n";
			showEnvVarsInLog = 0;
		};
/* End PBXShellScriptBuildPhase section */

/* Begin PBXSourcesBuildPhase section */
		67AD1C441BD839B600D1A421 /* Sources */ = {
			isa = PBXSourcesBuildPhase;
			buildActionMask = 2147483647;
			files = (
				67AD1C531BD839B600D1A421 /* ViewController.m in Sources */,
				67AD1C501BD839B600D1A421 /* AppDelegate.m in Sources */,
				67AD1C4D1BD839B600D1A421 /* main.m in Sources */,
			);
			runOnlyForDeploymentPostprocessing = 0;
		};
/* End PBXSourcesBuildPhase section */

/* Begin PBXVariantGroup section */
		67AD1C541BD839B600D1A421 /* Main.storyboard */ = {
			isa = PBXVariantGroup;
			children = (
				67AD1C551BD839B600D1A421 /* Base */,
			);
			name = Main.storyboard;
			sourceTree = "<group>";
		};
		67AD1C591BD839B600D1A421 /* LaunchScreen.storyboard */ = {
			isa = PBXVariantGroup;
			children = (
				67AD1C5A1BD839B600D1A421 /* Base */,
			);
			name = LaunchScreen.storyboard;
			sourceTree = "<group>";
		};
/* End PBXVariantGroup section */

/* Begin XCBuildConfiguration section */
		67AD1C5D1BD839B600D1A421 /* Debug */ = {
			isa = XCBuildConfiguration;
			buildSettings = {
				ALWAYS_SEARCH_USER_PATHS = NO;
				CLANG_CXX_LANGUAGE_STANDARD = "gnu++0x";
				CLANG_CXX_LIBRARY = "libc++";
				CLANG_ENABLE_MODULES = YES;
				CLANG_ENABLE_OBJC_ARC = YES;
				CLANG_WARN_BOOL_CONVERSION = YES;
				CLANG_WARN_CONSTANT_CONVERSION = YES;
				CLANG_WARN_DIRECT_OBJC_ISA_USAGE = YES_ERROR;
				CLANG_WARN_EMPTY_BODY = YES;
				CLANG_WARN_ENUM_CONVERSION = YES;
				CLANG_WARN_INT_CONVERSION = YES;
				CLANG_WARN_OBJC_ROOT_CLASS = YES_ERROR;
				CLANG_WARN_UNREACHABLE_CODE = YES;
				CLANG_WARN__DUPLICATE_METHOD_MATCH = YES;
				"CODE_SIGN_IDENTITY[sdk=iphoneos*]" = "iPhone Developer";
				COPY_PHASE_STRIP = NO;
				DEBUG_INFORMATION_FORMAT = dwarf;
				ENABLE_STRICT_OBJC_MSGSEND = YES;
				ENABLE_TESTABILITY = YES;
				GCC_C_LANGUAGE_STANDARD = gnu99;
				GCC_DYNAMIC_NO_PIC = NO;
				GCC_NO_COMMON_BLOCKS = YES;
				GCC_OPTIMIZATION_LEVEL = 0;
				GCC_PREPROCESSOR_DEFINITIONS = (
					"DEBUG=1",
					"$(inherited)",
				);
				GCC_WARN_64_TO_32_BIT_CONVERSION = YES;
				GCC_WARN_ABOUT_RETURN_TYPE = YES_ERROR;
				GCC_WARN_UNDECLARED_SELECTOR = YES;
				GCC_WARN_UNINITIALIZED_AUTOS = YES_AGGRESSIVE;
				GCC_WARN_UNUSED_FUNCTION = YES;
				GCC_WARN_UNUSED_VARIABLE = YES;
				IPHONEOS_DEPLOYMENT_TARGET = 9.1;
				MTL_ENABLE_DEBUG_INFO = YES;
				ONLY_ACTIVE_ARCH = YES;
				SDKROOT = iphoneos;
			};
			name = Debug;
		};
		67AD1C5E1BD839B600D1A421 /* Release */ = {
			isa = XCBuildConfiguration;
			buildSettings = {
				ALWAYS_SEARCH_USER_PATHS = NO;
				CLANG_CXX_LANGUAGE_STANDARD = "gnu++0x";
				CLANG_CXX_LIBRARY = "libc++";
				CLANG_ENABLE_MODULES = YES;
				CLANG_ENABLE_OBJC_ARC = YES;
				CLANG_WARN_BOOL_CONVERSION = YES;
				CLANG_WARN_CONSTANT_CONVERSION = YES;
				CLANG_WARN_DIRECT_OBJC_ISA_USAGE = YES_ERROR;
				CLANG_WARN_EMPTY_BODY = YES;
				CLANG_WARN_ENUM_CONVERSION = YES;
				CLANG_WARN_INT_CONVERSION = YES;
				CLANG_WARN_OBJC_ROOT_CLASS = YES_ERROR;
				CLANG_WARN_UNREACHABLE_CODE = YES;
				CLANG_WARN__DUPLICATE_METHOD_MATCH = YES;
				"CODE_SIGN_IDENTITY[sdk=iphoneos*]" = "iPhone Developer";
				COPY_PHASE_STRIP = NO;
				DEBUG_INFORMATION_FORMAT = "dwarf-with-dsym";
				ENABLE_NS_ASSERTIONS = NO;
				ENABLE_STRICT_OBJC_MSGSEND = YES;
				GCC_C_LANGUAGE_STANDARD = gnu99;
				GCC_NO_COMMON_BLOCKS = YES;
				GCC_WARN_64_TO_32_BIT_CONVERSION = YES;
				GCC_WARN_ABOUT_RETURN_TYPE = YES_ERROR;
				GCC_WARN_UNDECLARED_SELECTOR = YES;
				GCC_WARN_UNINITIALIZED_AUTOS = YES_AGGRESSIVE;
				GCC_WARN_UNUSED_FUNCTION = YES;
				GCC_WARN_UNUSED_VARIABLE = YES;
				IPHONEOS_DEPLOYMENT_TARGET = 9.1;
				MTL_ENABLE_DEBUG_INFO = NO;
				SDKROOT = iphoneos;
				VALIDATE_PRODUCT = YES;
			};
			name = Release;
		};
		67AD1C601BD839B600D1A421 /* Debug */ = {
			isa = XCBuildConfiguration;
			baseConfigurationReference = 4868716BEF344F546EF10817 /* Pods-BadPod.debug.xcconfig */;
			buildSettings = {
				ASSETCATALOG_COMPILER_APPICON_NAME = AppIcon;
				INFOPLIST_FILE = BadPod/Info.plist;
				LD_RUNPATH_SEARCH_PATHS = "$(inherited) @executable_path/Frameworks";
				PRODUCT_BUNDLE_IDENTIFIER = com.LitheMobile.BadPod;
				PRODUCT_NAME = "$(TARGET_NAME)";
			};
			name = Debug;
		};
		67AD1C611BD839B600D1A421 /* Release */ = {
			isa = XCBuildConfiguration;
			baseConfigurationReference = 96847880113309F6A611FE6D /* Pods-BadPod.release.xcconfig */;
			buildSettings = {
				ASSETCATALOG_COMPILER_APPICON_NAME = AppIcon;
				INFOPLIST_FILE = BadPod/Info.plist;
				LD_RUNPATH_SEARCH_PATHS = "$(inherited) @executable_path/Frameworks";
				PRODUCT_BUNDLE_IDENTIFIER = com.LitheMobile.BadPod;
				PRODUCT_NAME = "$(TARGET_NAME)";
			};
			name = Release;
		};
/* End XCBuildConfiguration section */

/* Begin XCConfigurationList section */
		67AD1C431BD839B600D1A421 /* Build configuration list for PBXProject "BadPod" */ = {
			isa = XCConfigurationList;
			buildConfigurations = (
				67AD1C5D1BD839B600D1A421 /* Debug */,
				67AD1C5E1BD839B600D1A421 /* Release */,
			);
			defaultConfigurationIsVisible = 0;
			defaultConfigurationName = Release;
		};
		67AD1C5F1BD839B600D1A421 /* Build configuration list for PBXNativeTarget "BadPod" */ = {
			isa = XCConfigurationList;
			buildConfigurations = (
				67AD1C601BD839B600D1A421 /* Debug */,
				67AD1C611BD839B600D1A421 /* Release */,
			);
			defaultConfigurationIsVisible = 0;
			defaultConfigurationName = Release;
		};
/* End XCConfigurationList section */
	};
	rootObject = 67AD1C401BD839B600D1A421 /* Project object */;
}
